{"filter":false,"title":"package-lock.json","tooltip":"/package-lock.json","undoManager":{"mark":-1,"position":-1,"stack":[]},"ace":{"folds":[],"scrolltop":329,"scrollleft":0,"selection":{"start":{"row":38,"column":11},"end":{"row":38,"column":11},"isBackwards":false},"options":{"guessTabSize":true,"useWrapMode":false,"wrapToView":true},"firstLineState":{"row":22,"state":"start","mode":"ace/mode/json"}},"timestamp":1541805153357,"hash":"e8356ecc6ac17c0e88e4caac6cda73c9c7625940"}